{
  "version": 4,
  "terraform_version": "0.12.23",
  "serial": 1,
  "lineage": "054d7292-3d84-0584-4590-24d6f3b17399",
  "outputs": {},
  "resources": [
    {
      "mode": "managed",
      "type": "aws_ecr_repository",
      "name": "all",
      "each": "map",
      "provider": "provider.aws",
      "instances": [
        {
          "index_key": "app",
          "schema_version": 0,
          "attributes": {
            "arn": "arn:aws:ecr:ap-northeast-1:123456789012:repository/app",
            "id": "app",
            "image_scanning_configuration": [
              {
                "scan_on_push": true
              }
            ],
            "image_tag_mutability": "MUTABLE",
            "name": "app",
            "registry_id": "123456789012",
            "repository_url": "123456789012.dkr.ecr.ap-northeast-1.amazonaws.com/app",
            "tags": {},
            "timeouts": {
              "delete": null
            }
          }
        }
      ]
    }
  ]
}
